// !$*UTF8*$!
{
	archiveVersion = 1;
	classes = {
	};
	objectVersion = 45;
	objects = {

/* Begin PBXBuildFile section */
		1BB12929135611270079EA84 /* jsyphon_JSyphonServer.h in Headers */ = {isa = PBXBuildFile; fileRef = 1BB1278A1355324B0079EA84 /* jsyphon_JSyphonServer.h */; };
		1BB1292B135611510079EA84 /* jsyphon_JSyphonServer.m in Sources */ = {isa = PBXBuildFile; fileRef = 1BB1278B1355324B0079EA84 /* jsyphon_JSyphonServer.m */; };
		1BB129681356115B0079EA84 /* Syphon.framework in Frameworks */ = {isa = PBXBuildFile; fileRef = 1BB127A1135532770079EA84 /* Syphon.framework */; };
		1BB129691356115B0079EA84 /* Cocoa.framework in Frameworks */ = {isa = PBXBuildFile; fileRef = 1058C7ADFEA557BF11CA2CBB /* Cocoa.framework */; };
		1BB1296A1356115B0079EA84 /* OpenGL.framework in Frameworks */ = {isa = PBXBuildFile; fileRef = 1BB127A6135532BB0079EA84 /* OpenGL.framework */; };
		1BB1296B1356115B0079EA84 /* JavaVM.framework in Frameworks */ = {isa = PBXBuildFile; fileRef = 1BB127AC135532FD0079EA84 /* JavaVM.framework */; };
		1BB1296C1356115B0079EA84 /* JavaNativeFoundation.framework in Frameworks */ = {isa = PBXBuildFile; fileRef = 1BB127B2135533180079EA84 /* JavaNativeFoundation.framework */; };
		1BB1296E1356117A0079EA84 /* Syphon.framework in CopyFiles */ = {isa = PBXBuildFile; fileRef = 1BB127A1135532770079EA84 /* Syphon.framework */; };
		1BB129DC1356E7860079EA84 /* jsyphon_JSyphonClient.h in Headers */ = {isa = PBXBuildFile; fileRef = 1BB129D91356E7860079EA84 /* jsyphon_JSyphonClient.h */; };
		1BB129DD1356E7860079EA84 /* jsyphon_JSyphonImage.h in Headers */ = {isa = PBXBuildFile; fileRef = 1BB129DA1356E7860079EA84 /* jsyphon_JSyphonImage.h */; };
/* End PBXBuildFile section */

/* Begin PBXContainerItemProxy section */
		1BB127A0135532770079EA84 /* PBXContainerItemProxy */ = {
			isa = PBXContainerItemProxy;
			containerPortal = 1BB12798135532770079EA84 /* Syphon.xcodeproj */;
			proxyType = 2;
			remoteGlobalIDString = 8DC2EF5B0486A6940098B216 /* Syphon.framework */;
			remoteInfo = Syphon;
		};
		1BB1297D1356120B0079EA84 /* PBXContainerItemProxy */ = {
			isa = PBXContainerItemProxy;
			containerPortal = 1BB12798135532770079EA84 /* Syphon.xcodeproj */;
			proxyType = 1;
			remoteGlobalIDString = 8DC2EF4F0486A6940098B216 /* Syphon */;
			remoteInfo = Syphon;
		};
/* End PBXContainerItemProxy section */

/* Begin PBXCopyFilesBuildPhase section */
		1BB12971135611AF0079EA84 /* CopyFiles */ = {
			isa = PBXCopyFilesBuildPhase;
			buildActionMask = 2147483647;
			dstPath = "";
			dstSubfolderSpec = 16;
			files = (
				1BB1296E1356117A0079EA84 /* Syphon.framework in CopyFiles */,
			);
			runOnlyForDeploymentPostprocessing = 0;
		};
/* End PBXCopyFilesBuildPhase section */

/* Begin PBXFileReference section */
		089C1672FE841209C02AAC07 /* Foundation.framework */ = {isa = PBXFileReference; lastKnownFileType = wrapper.framework; name = Foundation.framework; path = /System/Library/Frameworks/Foundation.framework; sourceTree = "<absolute>"; };
		089C167EFE841241C02AAC07 /* English */ = {isa = PBXFileReference; fileEncoding = 4; lastKnownFileType = text.plist.strings; name = English; path = English.lproj/InfoPlist.strings; sourceTree = "<group>"; };
		089C167FFE841241C02AAC07 /* AppKit.framework */ = {isa = PBXFileReference; lastKnownFileType = wrapper.framework; name = AppKit.framework; path = /System/Library/Frameworks/AppKit.framework; sourceTree = "<absolute>"; };
		1058C7ADFEA557BF11CA2CBB /* Cocoa.framework */ = {isa = PBXFileReference; lastKnownFileType = wrapper.framework; name = Cocoa.framework; path = /System/Library/Frameworks/Cocoa.framework; sourceTree = "<absolute>"; };
		1BB1278A1355324B0079EA84 /* jsyphon_JSyphonServer.h */ = {isa = PBXFileReference; fileEncoding = 4; lastKnownFileType = sourcecode.c.h; path = jsyphon_JSyphonServer.h; sourceTree = "<group>"; };
		1BB1278B1355324B0079EA84 /* jsyphon_JSyphonServer.m */ = {isa = PBXFileReference; fileEncoding = 4; lastKnownFileType = sourcecode.c.objc; path = jsyphon_JSyphonServer.m; sourceTree = "<group>"; };
		1BB12798135532770079EA84 /* Syphon.xcodeproj */ = {isa = PBXFileReference; lastKnownFileType = "wrapper.pb-project"; name = Syphon.xcodeproj; path = "../../../Syphon Framework/Syphon.xcodeproj"; sourceTree = SOURCE_ROOT; };
		1BB127A6135532BB0079EA84 /* OpenGL.framework */ = {isa = PBXFileReference; lastKnownFileType = wrapper.framework; name = OpenGL.framework; path = System/Library/Frameworks/OpenGL.framework; sourceTree = SDKROOT; };
		1BB127AC135532FD0079EA84 /* JavaVM.framework */ = {isa = PBXFileReference; lastKnownFileType = wrapper.framework; name = JavaVM.framework; path = System/Library/Frameworks/JavaVM.framework; sourceTree = SDKROOT; };
		1BB127B2135533180079EA84 /* JavaNativeFoundation.framework */ = {isa = PBXFileReference; lastKnownFileType = wrapper.framework; name = JavaNativeFoundation.framework; path = /System/Library/Frameworks/JavaVM.framework/Versions/A/Frameworks/JavaNativeFoundation.framework; sourceTree = "<absolute>"; };
		1BB12926135611160079EA84 /* libJSyphon.dylib */ = {isa = PBXFileReference; explicitFileType = "compiled.mach-o.dylib"; includeInIndex = 0; path = libJSyphon.dylib; sourceTree = BUILT_PRODUCTS_DIR; };
		1BB129D91356E7860079EA84 /* jsyphon_JSyphonClient.h */ = {isa = PBXFileReference; fileEncoding = 4; lastKnownFileType = sourcecode.c.h; path = jsyphon_JSyphonClient.h; sourceTree = "<group>"; };
		1BB129DA1356E7860079EA84 /* jsyphon_JSyphonImage.h */ = {isa = PBXFileReference; fileEncoding = 4; lastKnownFileType = sourcecode.c.h; path = jsyphon_JSyphonImage.h; sourceTree = "<group>"; };
		32DBCF630370AF2F00C91783 /* JSyphon_Prefix.pch */ = {isa = PBXFileReference; fileEncoding = 4; lastKnownFileType = sourcecode.c.h; path = JSyphon_Prefix.pch; sourceTree = "<group>"; };
		8D5B49B7048680CD000E48DA /* Info.plist */ = {isa = PBXFileReference; fileEncoding = 4; lastKnownFileType = text.plist.xml; path = Info.plist; sourceTree = "<group>"; };
		D2F7E65807B2D6F200F64583 /* CoreData.framework */ = {isa = PBXFileReference; lastKnownFileType = wrapper.framework; name = CoreData.framework; path = /System/Library/Frameworks/CoreData.framework; sourceTree = "<absolute>"; };
/* End PBXFileReference section */

/* Begin PBXFrameworksBuildPhase section */
		1BB12924135611160079EA84 /* Frameworks */ = {
			isa = PBXFrameworksBuildPhase;
			buildActionMask = 2147483647;
			comments = "#!/bin/bash\necho \"$BUILT_PRODUCTS_DIR/libJSyphon.dylib\"\necho \"$SOURCE_ROOT/../native_libs/libJSyphon.dylib\"\n\ncp -RfL \"$BUILT_PRODUCTS_DIR/libJSyphon.dylib\" \"$SOURCE_ROOT/../native_libs/\"";
			files = (
				1BB129681356115B0079EA84 /* Syphon.framework in Frameworks */,
				1BB129691356115B0079EA84 /* Cocoa.framework in Frameworks */,
				1BB1296A1356115B0079EA84 /* OpenGL.framework in Frameworks */,
				1BB1296B1356115B0079EA84 /* JavaVM.framework in Frameworks */,
				1BB1296C1356115B0079EA84 /* JavaNativeFoundation.framework in Frameworks */,
			);
			runOnlyForDeploymentPostprocessing = 0;
		};
/* End PBXFrameworksBuildPhase section */

/* Begin PBXGroup section */
		089C166AFE841209C02AAC07 /* JSyphon */ = {
			isa = PBXGroup;
			children = (
				1BB12798135532770079EA84 /* Syphon.xcodeproj */,
				08FB77AFFE84173DC02AAC07 /* Classes */,
				32C88E010371C26100C91783 /* Other Sources */,
				089C167CFE841241C02AAC07 /* Resources */,
				089C1671FE841209C02AAC07 /* Frameworks and Libraries */,
				19C28FB8FE9D52D311CA2CBB /* Products */,
			);
			name = JSyphon;
			sourceTree = "<group>";
		};
		089C1671FE841209C02AAC07 /* Frameworks and Libraries */ = {
			isa = PBXGroup;
			children = (
				1058C7ACFEA557BF11CA2CBB /* Linked Frameworks */,
				1058C7AEFEA557BF11CA2CBB /* Other Frameworks */,
			);
			name = "Frameworks and Libraries";
			sourceTree = "<group>";
		};
		089C167CFE841241C02AAC07 /* Resources */ = {
			isa = PBXGroup;
			children = (
				8D5B49B7048680CD000E48DA /* Info.plist */,
				089C167DFE841241C02AAC07 /* InfoPlist.strings */,
			);
			name = Resources;
			sourceTree = "<group>";
		};
		08FB77AFFE84173DC02AAC07 /* Classes */ = {
			isa = PBXGroup;
			children = (
				1BB129E01356E7A10079EA84 /* Client */,
				1BB129DF1356E79A0079EA84 /* Image */,
				1BB129D51356E7780079EA84 /* Server */,
			);
			name = Classes;
			sourceTree = "<group>";
		};
		1058C7ACFEA557BF11CA2CBB /* Linked Frameworks */ = {
			isa = PBXGroup;
			children = (
				1058C7ADFEA557BF11CA2CBB /* Cocoa.framework */,
				1BB127A6135532BB0079EA84 /* OpenGL.framework */,
				1BB127AC135532FD0079EA84 /* JavaVM.framework */,
				1BB127B2135533180079EA84 /* JavaNativeFoundation.framework */,
			);
			name = "Linked Frameworks";
			sourceTree = "<group>";
		};
		1058C7AEFEA557BF11CA2CBB /* Other Frameworks */ = {
			isa = PBXGroup;
			children = (
				089C167FFE841241C02AAC07 /* AppKit.framework */,
				D2F7E65807B2D6F200F64583 /* CoreData.framework */,
				089C1672FE841209C02AAC07 /* Foundation.framework */,
			);
			name = "Other Frameworks";
			sourceTree = "<group>";
		};
		19C28FB8FE9D52D311CA2CBB /* Products */ = {
			isa = PBXGroup;
			children = (
				1BB12926135611160079EA84 /* libJSyphon.dylib */,
			);
			name = Products;
			sourceTree = "<group>";
		};
		1BB12799135532770079EA84 /* Products */ = {
			isa = PBXGroup;
			children = (
				1BB127A1135532770079EA84 /* Syphon.framework */,
			);
			name = Products;
			sourceTree = "<group>";
		};
		1BB129D51356E7780079EA84 /* Server */ = {
			isa = PBXGroup;
			children = (
				1BB1278A1355324B0079EA84 /* jsyphon_JSyphonServer.h */,
				1BB1278B1355324B0079EA84 /* jsyphon_JSyphonServer.m */,
			);
			name = Server;
			sourceTree = "<group>";
		};
		1BB129DF1356E79A0079EA84 /* Image */ = {
			isa = PBXGroup;
			children = (
				1BB129DA1356E7860079EA84 /* jsyphon_JSyphonImage.h */,
			);
			name = Image;
			sourceTree = "<group>";
		};
		1BB129E01356E7A10079EA84 /* Client */ = {
			isa = PBXGroup;
			children = (
				1BB129D91356E7860079EA84 /* jsyphon_JSyphonClient.h */,
			);
			name = Client;
			sourceTree = "<group>";
		};
		32C88E010371C26100C91783 /* Other Sources */ = {
			isa = PBXGroup;
			children = (
				32DBCF630370AF2F00C91783 /* JSyphon_Prefix.pch */,
			);
			name = "Other Sources";
			sourceTree = "<group>";
		};
/* End PBXGroup section */

/* Begin PBXHeadersBuildPhase section */
		1BB12922135611160079EA84 /* Headers */ = {
			isa = PBXHeadersBuildPhase;
			buildActionMask = 2147483647;
			files = (
				1BB12929135611270079EA84 /* jsyphon_JSyphonServer.h in Headers */,
				1BB129DC1356E7860079EA84 /* jsyphon_JSyphonClient.h in Headers */,
				1BB129DD1356E7860079EA84 /* jsyphon_JSyphonImage.h in Headers */,
			);
			runOnlyForDeploymentPostprocessing = 0;
		};
/* End PBXHeadersBuildPhase section */

/* Begin PBXNativeTarget section */
		1BB12925135611160079EA84 /* libJSyphon */ = {
			isa = PBXNativeTarget;
			buildConfigurationList = 1BB1292A135611450079EA84 /* Build configuration list for PBXNativeTarget "libJSyphon" */;
			buildPhases = (
				1BB12922135611160079EA84 /* Headers */,
				1BB12923135611160079EA84 /* Sources */,
				1BB12924135611160079EA84 /* Frameworks */,
				1BB12971135611AF0079EA84 /* CopyFiles */,
				1BB12970135611910079EA84 /* ShellScript */,
			);
			buildRules = (
			);
			dependencies = (
				1BB1297E1356120B0079EA84 /* PBXTargetDependency */,
			);
			name = libJSyphon;
			productName = libJSyphon;
			productReference = 1BB12926135611160079EA84 /* libJSyphon.dylib */;
			productType = "com.apple.product-type.library.dynamic";
		};
/* End PBXNativeTarget section */

/* Begin PBXProject section */
		089C1669FE841209C02AAC07 /* Project object */ = {
			isa = PBXProject;
			buildConfigurationList = 1DEB913E08733D840010E9CD /* Build configuration list for PBXProject "JSyphon" */;
			compatibilityVersion = "Xcode 3.1";
			developmentRegion = English;
			hasScannedForEncodings = 1;
			knownRegions = (
				English,
				Japanese,
				French,
				German,
			);
			mainGroup = 089C166AFE841209C02AAC07 /* JSyphon */;
			projectDirPath = "";
			projectReferences = (
				{
					ProductGroup = 1BB12799135532770079EA84 /* Products */;
					ProjectRef = 1BB12798135532770079EA84 /* Syphon.xcodeproj */;
				},
			);
			projectRoot = "";
			targets = (
				1BB12925135611160079EA84 /* libJSyphon */,
			);
		};
/* End PBXProject section */

/* Begin PBXReferenceProxy section */
		1BB127A1135532770079EA84 /* Syphon.framework */ = {
			isa = PBXReferenceProxy;
			fileType = wrapper.framework;
			path = Syphon.framework;
			remoteRef = 1BB127A0135532770079EA84 /* PBXContainerItemProxy */;
			sourceTree = BUILT_PRODUCTS_DIR;
		};
/* End PBXReferenceProxy section */

/* Begin PBXShellScriptBuildPhase section */
		1BB12970135611910079EA84 /* ShellScript */ = {
			isa = PBXShellScriptBuildPhase;
			buildActionMask = 2147483647;
			files = (
			);
			inputPaths = (
			);
			outputPaths = (
			);
			runOnlyForDeploymentPostprocessing = 0;
			shellPath = /bin/sh;
			shellScript = "#!/bin/bash\n\ninstall_name_tool -change @loader_path/../Frameworks/Syphon.framework/Versions/A/Syphon \"@loader_path/Syphon.framework/Versions/A/Syphon\" \"$BUILT_PRODUCTS_DIR/libJSyphon.dylib\" \n\necho \"$BUILT_PRODUCTS_DIR/libJSyphon.dylib\"\necho \"$SOURCE_ROOT/../native_libs/libJSyphon.dylib\"\n\necho \"$BUILT_PRODUCTS_DIR/Syphon.framework\"\necho \"$SOURCE_ROOT/../native_libs/Syphon.framework\"\n\ncp -RfL \"$BUILT_PRODUCTS_DIR/libJSyphon.dylib\" \"$SOURCE_ROOT/../native_libs/\"\ncp -RfL \"$BUILT_PRODUCTS_DIR/Syphon.framework\" \"$SOURCE_ROOT/../native_libs/\"";
		};
/* End PBXShellScriptBuildPhase section */

/* Begin PBXSourcesBuildPhase section */
		1BB12923135611160079EA84 /* Sources */ = {
			isa = PBXSourcesBuildPhase;
			buildActionMask = 2147483647;
			files = (
				1BB1292B135611510079EA84 /* jsyphon_JSyphonServer.m in Sources */,
			);
			runOnlyForDeploymentPostprocessing = 0;
		};
/* End PBXSourcesBuildPhase section */

/* Begin PBXTargetDependency section */
		1BB1297E1356120B0079EA84 /* PBXTargetDependency */ = {
			isa = PBXTargetDependency;
			name = Syphon;
			targetProxy = 1BB1297D1356120B0079EA84 /* PBXContainerItemProxy */;
		};
/* End PBXTargetDependency section */

/* Begin PBXVariantGroup section */
		089C167DFE841241C02AAC07 /* InfoPlist.strings */ = {
			isa = PBXVariantGroup;
			children = (
				089C167EFE841241C02AAC07 /* English */,
			);
			name = InfoPlist.strings;
			sourceTree = "<group>";
		};
/* End PBXVariantGroup section */

/* Begin XCBuildConfiguration section */
		1BB12927135611170079EA84 /* Debug */ = {
			isa = XCBuildConfiguration;
			buildSettings = {
				ALWAYS_SEARCH_USER_PATHS = NO;
				COPY_PHASE_STRIP = NO;
				DYLIB_COMPATIBILITY_VERSION = 1;
				DYLIB_CURRENT_VERSION = 1;
				FRAMEWORK_SEARCH_PATHS = (
					"\"$(SRCROOT)/../../../Syphon Framework/build/$(CONFIGURATION)/\"/**",
					"$(inherited)",
					"\"$(SYSTEM_LIBRARY_DIR)/Frameworks/JavaVM.framework/Versions/A/Frameworks\"",
				);
				GCC_DYNAMIC_NO_PIC = NO;
				GCC_ENABLE_FIX_AND_CONTINUE = YES;
				GCC_MODEL_TUNING = G5;
				GCC_OPTIMIZATION_LEVEL = 0;
				GCC_PRECOMPILE_PREFIX_HEADER = YES;
				GCC_PREFIX_HEADER = "$(SYSTEM_LIBRARY_DIR)/Frameworks/AppKit.framework/Headers/AppKit.h";
				INSTALL_PATH = /usr/local/lib;
				OTHER_LDFLAGS = (
					"-framework",
					Foundation,
					"-framework",
					AppKit,
				);
				PREBINDING = NO;
				PRODUCT_NAME = libJSyphon;
			};
			name = Debug;
		};
		1BB12928135611170079EA84 /* Release */ = {
			isa = XCBuildConfiguration;
			buildSettings = {
				ALWAYS_SEARCH_USER_PATHS = NO;
				COPY_PHASE_STRIP = YES;
				DEBUG_INFORMATION_FORMAT = "dwarf-with-dsym";
				DYLIB_COMPATIBILITY_VERSION = 1;
				DYLIB_CURRENT_VERSION = 1;
				FRAMEWORK_SEARCH_PATHS = (
					"\"$(SRCROOT)/../../../Syphon Framework/build/$(CONFIGURATION)/\"/**",
					"$(inherited)",
					"\"$(SYSTEM_LIBRARY_DIR)/Frameworks/JavaVM.framework/Versions/A/Frameworks\"",
				);
				GCC_ENABLE_FIX_AND_CONTINUE = NO;
				GCC_MODEL_TUNING = G5;
				GCC_PRECOMPILE_PREFIX_HEADER = YES;
				GCC_PREFIX_HEADER = "$(SYSTEM_LIBRARY_DIR)/Frameworks/AppKit.framework/Headers/AppKit.h";
				INSTALL_PATH = /usr/local/lib;
				OTHER_LDFLAGS = (
					"-framework",
					Foundation,
					"-framework",
					AppKit,
				);
				PREBINDING = NO;
				PRODUCT_NAME = libJSyphon;
				ZERO_LINK = NO;
			};
			name = Release;
		};
		1DEB913F08733D840010E9CD /* Debug */ = {
			isa = XCBuildConfiguration;
			buildSettings = {
				ARCHS = "$(ARCHS_STANDARD_32_64_BIT)";
				GCC_C_LANGUAGE_STANDARD = gnu99;
				GCC_OPTIMIZATION_LEVEL = 0;
				GCC_WARN_ABOUT_RETURN_TYPE = YES;
				GCC_WARN_UNUSED_VARIABLE = YES;
				ONLY_ACTIVE_ARCH = YES;
				PREBINDING = NO;
				SDKROOT = macosx10.6;
			};
			name = Debug;
		};
		1DEB914008733D840010E9CD /* Release */ = {
			isa = XCBuildConfiguration;
			buildSettings = {
				ARCHS = "$(ARCHS_STANDARD_32_64_BIT)";
				GCC_C_LANGUAGE_STANDARD = gnu99;
				GCC_WARN_ABOUT_RETURN_TYPE = YES;
				GCC_WARN_UNUSED_VARIABLE = YES;
				PREBINDING = NO;
				SDKROOT = macosx10.6;
			};
			name = Release;
		};
/* End XCBuildConfiguration section */

/* Begin XCConfigurationList section */
		1BB1292A135611450079EA84 /* Build configuration list for PBXNativeTarget "libJSyphon" */ = {
			isa = XCConfigurationList;
			buildConfigurations = (
				1BB12927135611170079EA84 /* Debug */,
				1BB12928135611170079EA84 /* Release */,
			);
			defaultConfigurationIsVisible = 0;
			defaultConfigurationName = Release;
		};
		1DEB913E08733D840010E9CD /* Build configuration list for PBXProject "JSyphon" */ = {
			isa = XCConfigurationList;
			buildConfigurations = (
				1DEB913F08733D840010E9CD /* Debug */,
				1DEB914008733D840010E9CD /* Release */,
			);
			defaultConfigurationIsVisible = 0;
			defaultConfigurationName = Release;
		};
/* End XCConfigurationList section */
	};
	rootObject = 089C1669FE841209C02AAC07 /* Project object */;
}
